
Microsoft Visual Studio Solution File, Format Version 12.00
Project("{2150E333-8FDC-42A3-9474-1A3956D46DE8}") = "Protocol", "Protocol", "{C3916C20-777C-4119-BBB8-85E637B5015A}"
EndProject
Project("{FAE04EC0-301F-11D3-BF4B-00C04F79EFBC}") = "Shared", "Shared\Shared.csproj", "{7CC78782-CDB0-44E2-B212-23BD5BDCBFF0}"
EndProject
Project("{FAE04EC0-301F-11D3-BF4B-00C04F79EFBC}") = "Web", "Protocol\Web\Web.csproj", "{012BC2BE-F54F-4BAC-B4B5-EF4AC44BCDBF}"
EndProject
Project("{FAE04EC0-301F-11D3-BF4B-00C04F79EFBC}") = "Chat", "Protocol\Chat\Chat.csproj", "{83420204-DB82-403C-B617-E254587CD8FC}"
EndProject
Global
	GlobalSection(SolutionConfigurationPlatforms) = preSolution
		Debug|Any CPU = Debug|Any CPU
		Release|Any CPU = Release|Any CPU
	EndGlobalSection
	GlobalSection(NestedProjects) = preSolution
		{012BC2BE-F54F-4BAC-B4B5-EF4AC44BCDBF} = {C3916C20-777C-4119-BBB8-85E637B5015A}
		{83420204-DB82-403C-B617-E254587CD8FC} = {C3916C20-777C-4119-BBB8-85E637B5015A}
	EndGlobalSection
	GlobalSection(ProjectConfigurationPlatforms) = postSolution
		{7CC78782-CDB0-44E2-B212-23BD5BDCBFF0}.Debug|Any CPU.ActiveCfg = Debug|Any CPU
		{7CC78782-CDB0-44E2-B212-23BD5BDCBFF0}.Debug|Any CPU.Build.0 = Debug|Any CPU
		{7CC78782-CDB0-44E2-B212-23BD5BDCBFF0}.Release|Any CPU.ActiveCfg = Release|Any CPU
		{7CC78782-CDB0-44E2-B212-23BD5BDCBFF0}.Release|Any CPU.Build.0 = Release|Any CPU
		{012BC2BE-F54F-4BAC-B4B5-EF4AC44BCDBF}.Debug|Any CPU.ActiveCfg = Debug|Any CPU
		{012BC2BE-F54F-4BAC-B4B5-EF4AC44BCDBF}.Debug|Any CPU.Build.0 = Debug|Any CPU
		{012BC2BE-F54F-4BAC-B4B5-EF4AC44BCDBF}.Release|Any CPU.ActiveCfg = Release|Any CPU
		{012BC2BE-F54F-4BAC-B4B5-EF4AC44BCDBF}.Release|Any CPU.Build.0 = Release|Any CPU
		{83420204-DB82-403C-B617-E254587CD8FC}.Debug|Any CPU.ActiveCfg = Debug|Any CPU
		{83420204-DB82-403C-B617-E254587CD8FC}.Debug|Any CPU.Build.0 = Debug|Any CPU
		{83420204-DB82-403C-B617-E254587CD8FC}.Release|Any CPU.ActiveCfg = Release|Any CPU
		{83420204-DB82-403C-B617-E254587CD8FC}.Release|Any CPU.Build.0 = Release|Any CPU
	EndGlobalSection
EndGlobal
