
Microsoft Visual Studio Solution File, Format Version 12.00
Project("{FAE04EC0-301F-11D3-BF4B-00C04F79EFBC}") = "SharedLibrary.Protocol", "SharedLibrary.Protocol\SharedLibrary.Protocol.csproj", "{6FD2A4EC-3FD1-4775-8C21-70A940576126}"
EndProject
Global
	GlobalSection(SolutionConfigurationPlatforms) = preSolution
		Debug|Any CPU = Debug|Any CPU
		Release|Any CPU = Release|Any CPU
	EndGlobalSection
	GlobalSection(ProjectConfigurationPlatforms) = postSolution
		{6FD2A4EC-3FD1-4775-8C21-70A940576126}.Debug|Any CPU.ActiveCfg = Debug|Any CPU
		{6FD2A4EC-3FD1-4775-8C21-70A940576126}.Debug|Any CPU.Build.0 = Debug|Any CPU
		{6FD2A4EC-3FD1-4775-8C21-70A940576126}.Release|Any CPU.ActiveCfg = Release|Any CPU
		{6FD2A4EC-3FD1-4775-8C21-70A940576126}.Release|Any CPU.Build.0 = Release|Any CPU
	EndGlobalSection
EndGlobal
